
Microsoft Visual Studio Solution File, Format Version 12.00
# Visual Studio Version 16
VisualStudioVersion = 16.0.30406.217
MinimumVisualStudioVersion = 10.0.40219.1
Project("{FAE04EC0-301F-11D3-BF4B-00C04F79EFBC}") = "Lab3Form", "Lab3Form\Lab3Form.csproj", "{6EF21163-812D-44FF-A360-7922227A941A}"
EndProject
Global
	GlobalSection(SolutionConfigurationPlatforms) = preSolution
		Debug|Any CPU = Debug|Any CPU
		Release|Any CPU = Release|Any CPU
	EndGlobalSection
	GlobalSection(ProjectConfigurationPlatforms) = postSolution
		{6EF21163-812D-44FF-A360-7922227A941A}.Debug|Any CPU.ActiveCfg = Debug|Any CPU
		{6EF21163-812D-44FF-A360-7922227A941A}.Debug|Any CPU.Build.0 = Debug|Any CPU
		{6EF21163-812D-44FF-A360-7922227A941A}.Release|Any CPU.ActiveCfg = Release|Any CPU
		{6EF21163-812D-44FF-A360-7922227A941A}.Release|Any CPU.Build.0 = Release|Any CPU
	EndGlobalSection
	GlobalSection(SolutionProperties) = preSolution
		HideSolutionNode = FALSE
	EndGlobalSection
	GlobalSection(ExtensibilityGlobals) = postSolution
		SolutionGuid = {A0E90D5E-3941-4232-9464-3306A5363401}
	EndGlobalSection
EndGlobal
